
Microsoft Visual Studio Solution File, Format Version 12.00
# Visual Studio Version 16
VisualStudioVersion = 16.6.30114.105
MinimumVisualStudioVersion = 10.0.40219.1
Project("{9A19103F-16F7-4668-BE54-9A1E7A4F7556}") = "ProjectSyndicus", "src\ProjectSyndicus\ProjectSyndicus.csproj", "{FAA7C7EA-8073-4AC0-B65B-C5206F60A824}"
EndProject
Global
	GlobalSection(SolutionConfigurationPlatforms) = preSolution
		Debug|Any CPU = Debug|Any CPU
		Debug|x64 = Debug|x64
		Debug|x86 = Debug|x86
		Release|Any CPU = Release|Any CPU
		Release|x64 = Release|x64
		Release|x86 = Release|x86
	EndGlobalSection
	GlobalSection(ProjectConfigurationPlatforms) = postSolution
		{FAA7C7EA-8073-4AC0-B65B-C5206F60A824}.Debug|Any CPU.ActiveCfg = Debug|Any CPU
		{FAA7C7EA-8073-4AC0-B65B-C5206F60A824}.Debug|Any CPU.Build.0 = Debug|Any CPU
		{FAA7C7EA-8073-4AC0-B65B-C5206F60A824}.Debug|x64.ActiveCfg = Debug|Any CPU
		{FAA7C7EA-8073-4AC0-B65B-C5206F60A824}.Debug|x64.Build.0 = Debug|Any CPU
		{FAA7C7EA-8073-4AC0-B65B-C5206F60A824}.Debug|x86.ActiveCfg = Debug|Any CPU
		{FAA7C7EA-8073-4AC0-B65B-C5206F60A824}.Debug|x86.Build.0 = Debug|Any CPU
		{FAA7C7EA-8073-4AC0-B65B-C5206F60A824}.Release|Any CPU.ActiveCfg = Release|Any CPU
		{FAA7C7EA-8073-4AC0-B65B-C5206F60A824}.Release|Any CPU.Build.0 = Release|Any CPU
		{FAA7C7EA-8073-4AC0-B65B-C5206F60A824}.Release|x64.ActiveCfg = Release|Any CPU
		{FAA7C7EA-8073-4AC0-B65B-C5206F60A824}.Release|x64.Build.0 = Release|Any CPU
		{FAA7C7EA-8073-4AC0-B65B-C5206F60A824}.Release|x86.ActiveCfg = Release|Any CPU
		{FAA7C7EA-8073-4AC0-B65B-C5206F60A824}.Release|x86.Build.0 = Release|Any CPU
	EndGlobalSection
	GlobalSection(SolutionProperties) = preSolution
		HideSolutionNode = FALSE
	EndGlobalSection
	GlobalSection(ExtensibilityGlobals) = postSolution
		SolutionGuid = {1A8A2FBD-5889-4CAA-971C-64D79E1E9EBE}
	EndGlobalSection
EndGlobal
